{
  "name": "randomchess",
  "version": "1.0.0",
  "lockfileVersion": 3,
  "requires": true,
  "packages": {
    "": {
      "name": "randomchess",
      "version": "1.0.0",
      "license": "ISC",
      "dependencies": {
        "chess.js": "^1.0.0-beta.8",
        "dotenv": "^16.4.5"
      }
    },
    "node_modules/chess.js": {
      "version": "1.0.0-beta.8",
      "resolved": "https://registry.npmjs.org/chess.js/-/chess.js-1.0.0-beta.8.tgz",
      "integrity": "sha512-UngzUMXmexcQaQA/UEJuJj5vatEy34awYMD5YMOp/FW3HM7lqspp7ymYs5JAmquDq0WROtURRfSffoa/vrCCyw=="
    },
    "node_modules/dotenv": {
      "version": "16.4.5",
      "resolved": "https://registry.npmjs.org/dotenv/-/dotenv-16.4.5.tgz",
      "integrity": "sha512-ZmdL2rui+eB2YwhsWzjInR8LldtZHGDoQ1ugH85ppHKwpUHL7j7rN0Ti9NCnGiQbhaZ11FpR+7ao1dNsmduNUg==",
      "engines": {
        "node": ">=12"
      },
      "funding": {
        "url": "https://dotenvx.com"
      }
    }
  }
}
